
Microsoft Visual Studio Solution File, Format Version 12.00
# Visual Studio Version 17
VisualStudioVersion = 17.0.31903.59
MinimumVisualStudioVersion = 10.0.40219.1
Project("{2150E333-8FDC-42A3-9474-1A3956D46DE8}") = "src", "src", "{827E0CD3-B72D-47B6-A68D-7590B98EB39B}"
EndProject
Project("{FAE04EC0-301F-11D3-BF4B-00C04F79EFBC}") = "Sazkomat.Core", "src\Sazkomat.Core\Sazkomat.Core.csproj", "{FD010E2C-2288-420A-8940-4CC39DA2829A}"
EndProject
Project("{FAE04EC0-301F-11D3-BF4B-00C04F79EFBC}") = "Sazkomat.Configuration", "src\Sazkomat.Configuration\Sazkomat.Configuration.csproj", "{64D178AD-8F7B-4BFC-9E24-FE8B2A1ACBF6}"
EndProject
Project("{FAE04EC0-301F-11D3-BF4B-00C04F79EFBC}") = "Sazkomat.Data", "src\Sazkomat.Data\Sazkomat.Data.csproj", "{AC78B1FA-C38B-44CB-9D2E-9A3BDC5D47DD}"
EndProject
Project("{FAE04EC0-301F-11D3-BF4B-00C04F79EFBC}") = "Sazkomat.Strategy", "src\Sazkomat.Strategy\Sazkomat.Strategy.csproj", "{B2AC09CA-1A00-40DF-9410-80EBBC51460C}"
EndProject
Project("{FAE04EC0-301F-11D3-BF4B-00C04F79EFBC}") = "Sazkomat.Api", "src\Sazkomat.Api\Sazkomat.Api.csproj", "{8A33A17C-C6F3-4D6D-B806-680711589430}"
EndProject
Project("{2150E333-8FDC-42A3-9474-1A3956D46DE8}") = "tests", "tests", "{0AB3BF05-4346-4AA6-1389-037BE0695223}"
EndProject
Project("{FAE04EC0-301F-11D3-BF4B-00C04F79EFBC}") = "Sazkomat.Tests", "tests\Sazkomat.Tests\Sazkomat.Tests.csproj", "{0FC7A9EE-6CF8-466D-8198-826E45290B0E}"
EndProject
Project("{FAE04EC0-301F-11D3-BF4B-00C04F79EFBC}") = "Sazkomat.BettingProviders", "src\Sazkomat.BettingProviders\Sazkomat.BettingProviders.csproj", "{5C2890F5-6157-436E-8436-54B5B27BF01F}"
EndProject
Global
	GlobalSection(SolutionConfigurationPlatforms) = preSolution
		Debug|Any CPU = Debug|Any CPU
		Debug|x64 = Debug|x64
		Debug|x86 = Debug|x86
		Release|Any CPU = Release|Any CPU
		Release|x64 = Release|x64
		Release|x86 = Release|x86
	EndGlobalSection
	GlobalSection(ProjectConfigurationPlatforms) = postSolution
		{FD010E2C-2288-420A-8940-4CC39DA2829A}.Debug|Any CPU.ActiveCfg = Debug|Any CPU
		{FD010E2C-2288-420A-8940-4CC39DA2829A}.Debug|Any CPU.Build.0 = Debug|Any CPU
		{FD010E2C-2288-420A-8940-4CC39DA2829A}.Debug|x64.ActiveCfg = Debug|Any CPU
		{FD010E2C-2288-420A-8940-4CC39DA2829A}.Debug|x64.Build.0 = Debug|Any CPU
		{FD010E2C-2288-420A-8940-4CC39DA2829A}.Debug|x86.ActiveCfg = Debug|Any CPU
		{FD010E2C-2288-420A-8940-4CC39DA2829A}.Debug|x86.Build.0 = Debug|Any CPU
		{FD010E2C-2288-420A-8940-4CC39DA2829A}.Release|Any CPU.ActiveCfg = Release|Any CPU
		{FD010E2C-2288-420A-8940-4CC39DA2829A}.Release|Any CPU.Build.0 = Release|Any CPU
		{FD010E2C-2288-420A-8940-4CC39DA2829A}.Release|x64.ActiveCfg = Release|Any CPU
		{FD010E2C-2288-420A-8940-4CC39DA2829A}.Release|x64.Build.0 = Release|Any CPU
		{FD010E2C-2288-420A-8940-4CC39DA2829A}.Release|x86.ActiveCfg = Release|Any CPU
		{FD010E2C-2288-420A-8940-4CC39DA2829A}.Release|x86.Build.0 = Release|Any CPU
		{64D178AD-8F7B-4BFC-9E24-FE8B2A1ACBF6}.Debug|Any CPU.ActiveCfg = Debug|Any CPU
		{64D178AD-8F7B-4BFC-9E24-FE8B2A1ACBF6}.Debug|Any CPU.Build.0 = Debug|Any CPU
		{64D178AD-8F7B-4BFC-9E24-FE8B2A1ACBF6}.Debug|x64.ActiveCfg = Debug|Any CPU
		{64D178AD-8F7B-4BFC-9E24-FE8B2A1ACBF6}.Debug|x64.Build.0 = Debug|Any CPU
		{64D178AD-8F7B-4BFC-9E24-FE8B2A1ACBF6}.Debug|x86.ActiveCfg = Debug|Any CPU
		{64D178AD-8F7B-4BFC-9E24-FE8B2A1ACBF6}.Debug|x86.Build.0 = Debug|Any CPU
		{64D178AD-8F7B-4BFC-9E24-FE8B2A1ACBF6}.Release|Any CPU.ActiveCfg = Release|Any CPU
		{64D178AD-8F7B-4BFC-9E24-FE8B2A1ACBF6}.Release|Any CPU.Build.0 = Release|Any CPU
		{64D178AD-8F7B-4BFC-9E24-FE8B2A1ACBF6}.Release|x64.ActiveCfg = Release|Any CPU
		{64D178AD-8F7B-4BFC-9E24-FE8B2A1ACBF6}.Release|x64.Build.0 = Release|Any CPU
		{64D178AD-8F7B-4BFC-9E24-FE8B2A1ACBF6}.Release|x86.ActiveCfg = Release|Any CPU
		{64D178AD-8F7B-4BFC-9E24-FE8B2A1ACBF6}.Release|x86.Build.0 = Release|Any CPU
		{AC78B1FA-C38B-44CB-9D2E-9A3BDC5D47DD}.Debug|Any CPU.ActiveCfg = Debug|Any CPU
		{AC78B1FA-C38B-44CB-9D2E-9A3BDC5D47DD}.Debug|Any CPU.Build.0 = Debug|Any CPU
		{AC78B1FA-C38B-44CB-9D2E-9A3BDC5D47DD}.Debug|x64.ActiveCfg = Debug|Any CPU
		{AC78B1FA-C38B-44CB-9D2E-9A3BDC5D47DD}.Debug|x64.Build.0 = Debug|Any CPU
		{AC78B1FA-C38B-44CB-9D2E-9A3BDC5D47DD}.Debug|x86.ActiveCfg = Debug|Any CPU
		{AC78B1FA-C38B-44CB-9D2E-9A3BDC5D47DD}.Debug|x86.Build.0 = Debug|Any CPU
		{AC78B1FA-C38B-44CB-9D2E-9A3BDC5D47DD}.Release|Any CPU.ActiveCfg = Release|Any CPU
		{AC78B1FA-C38B-44CB-9D2E-9A3BDC5D47DD}.Release|Any CPU.Build.0 = Release|Any CPU
		{AC78B1FA-C38B-44CB-9D2E-9A3BDC5D47DD}.Release|x64.ActiveCfg = Release|Any CPU
		{AC78B1FA-C38B-44CB-9D2E-9A3BDC5D47DD}.Release|x64.Build.0 = Release|Any CPU
		{AC78B1FA-C38B-44CB-9D2E-9A3BDC5D47DD}.Release|x86.ActiveCfg = Release|Any CPU
		{AC78B1FA-C38B-44CB-9D2E-9A3BDC5D47DD}.Release|x86.Build.0 = Release|Any CPU
		{B2AC09CA-1A00-40DF-9410-80EBBC51460C}.Debug|Any CPU.ActiveCfg = Debug|Any CPU
		{B2AC09CA-1A00-40DF-9410-80EBBC51460C}.Debug|Any CPU.Build.0 = Debug|Any CPU
		{B2AC09CA-1A00-40DF-9410-80EBBC51460C}.Debug|x64.ActiveCfg = Debug|Any CPU
		{B2AC09CA-1A00-40DF-9410-80EBBC51460C}.Debug|x64.Build.0 = Debug|Any CPU
		{B2AC09CA-1A00-40DF-9410-80EBBC51460C}.Debug|x86.ActiveCfg = Debug|Any CPU
		{B2AC09CA-1A00-40DF-9410-80EBBC51460C}.Debug|x86.Build.0 = Debug|Any CPU
		{B2AC09CA-1A00-40DF-9410-80EBBC51460C}.Release|Any CPU.ActiveCfg = Release|Any CPU
		{B2AC09CA-1A00-40DF-9410-80EBBC51460C}.Release|Any CPU.Build.0 = Release|Any CPU
		{B2AC09CA-1A00-40DF-9410-80EBBC51460C}.Release|x64.ActiveCfg = Release|Any CPU
		{B2AC09CA-1A00-40DF-9410-80EBBC51460C}.Release|x64.Build.0 = Release|Any CPU
		{B2AC09CA-1A00-40DF-9410-80EBBC51460C}.Release|x86.ActiveCfg = Release|Any CPU
		{B2AC09CA-1A00-40DF-9410-80EBBC51460C}.Release|x86.Build.0 = Release|Any CPU
		{8A33A17C-C6F3-4D6D-B806-680711589430}.Debug|Any CPU.ActiveCfg = Debug|Any CPU
		{8A33A17C-C6F3-4D6D-B806-680711589430}.Debug|Any CPU.Build.0 = Debug|Any CPU
		{8A33A17C-C6F3-4D6D-B806-680711589430}.Debug|x64.ActiveCfg = Debug|Any CPU
		{8A33A17C-C6F3-4D6D-B806-680711589430}.Debug|x64.Build.0 = Debug|Any CPU
		{8A33A17C-C6F3-4D6D-B806-680711589430}.Debug|x86.ActiveCfg = Debug|Any CPU
		{8A33A17C-C6F3-4D6D-B806-680711589430}.Debug|x86.Build.0 = Debug|Any CPU
		{8A33A17C-C6F3-4D6D-B806-680711589430}.Release|Any CPU.ActiveCfg = Release|Any CPU
		{8A33A17C-C6F3-4D6D-B806-680711589430}.Release|Any CPU.Build.0 = Release|Any CPU
		{8A33A17C-C6F3-4D6D-B806-680711589430}.Release|x64.ActiveCfg = Release|Any CPU
		{8A33A17C-C6F3-4D6D-B806-680711589430}.Release|x64.Build.0 = Release|Any CPU
		{8A33A17C-C6F3-4D6D-B806-680711589430}.Release|x86.ActiveCfg = Release|Any CPU
		{8A33A17C-C6F3-4D6D-B806-680711589430}.Release|x86.Build.0 = Release|Any CPU
		{0FC7A9EE-6CF8-466D-8198-826E45290B0E}.Debug|Any CPU.ActiveCfg = Debug|Any CPU
		{0FC7A9EE-6CF8-466D-8198-826E45290B0E}.Debug|Any CPU.Build.0 = Debug|Any CPU
		{0FC7A9EE-6CF8-466D-8198-826E45290B0E}.Debug|x64.ActiveCfg = Debug|Any CPU
		{0FC7A9EE-6CF8-466D-8198-826E45290B0E}.Debug|x64.Build.0 = Debug|Any CPU
		{0FC7A9EE-6CF8-466D-8198-826E45290B0E}.Debug|x86.ActiveCfg = Debug|Any CPU
		{0FC7A9EE-6CF8-466D-8198-826E45290B0E}.Debug|x86.Build.0 = Debug|Any CPU
		{0FC7A9EE-6CF8-466D-8198-826E45290B0E}.Release|Any CPU.ActiveCfg = Release|Any CPU
		{0FC7A9EE-6CF8-466D-8198-826E45290B0E}.Release|Any CPU.Build.0 = Release|Any CPU
		{0FC7A9EE-6CF8-466D-8198-826E45290B0E}.Release|x64.ActiveCfg = Release|Any CPU
		{0FC7A9EE-6CF8-466D-8198-826E45290B0E}.Release|x64.Build.0 = Release|Any CPU
		{0FC7A9EE-6CF8-466D-8198-826E45290B0E}.Release|x86.ActiveCfg = Release|Any CPU
		{0FC7A9EE-6CF8-466D-8198-826E45290B0E}.Release|x86.Build.0 = Release|Any CPU
		{5C2890F5-6157-436E-8436-54B5B27BF01F}.Debug|Any CPU.ActiveCfg = Debug|Any CPU
		{5C2890F5-6157-436E-8436-54B5B27BF01F}.Debug|Any CPU.Build.0 = Debug|Any CPU
		{5C2890F5-6157-436E-8436-54B5B27BF01F}.Debug|x64.ActiveCfg = Debug|Any CPU
		{5C2890F5-6157-436E-8436-54B5B27BF01F}.Debug|x64.Build.0 = Debug|Any CPU
		{5C2890F5-6157-436E-8436-54B5B27BF01F}.Debug|x86.ActiveCfg = Debug|Any CPU
		{5C2890F5-6157-436E-8436-54B5B27BF01F}.Debug|x86.Build.0 = Debug|Any CPU
		{5C2890F5-6157-436E-8436-54B5B27BF01F}.Release|Any CPU.ActiveCfg = Release|Any CPU
		{5C2890F5-6157-436E-8436-54B5B27BF01F}.Release|Any CPU.Build.0 = Release|Any CPU
		{5C2890F5-6157-436E-8436-54B5B27BF01F}.Release|x64.ActiveCfg = Release|Any CPU
		{5C2890F5-6157-436E-8436-54B5B27BF01F}.Release|x64.Build.0 = Release|Any CPU
		{5C2890F5-6157-436E-8436-54B5B27BF01F}.Release|x86.ActiveCfg = Release|Any CPU
		{5C2890F5-6157-436E-8436-54B5B27BF01F}.Release|x86.Build.0 = Release|Any CPU
	EndGlobalSection
	GlobalSection(SolutionProperties) = preSolution
		HideSolutionNode = FALSE
	EndGlobalSection
	GlobalSection(NestedProjects) = preSolution
		{FD010E2C-2288-420A-8940-4CC39DA2829A} = {827E0CD3-B72D-47B6-A68D-7590B98EB39B}
		{64D178AD-8F7B-4BFC-9E24-FE8B2A1ACBF6} = {827E0CD3-B72D-47B6-A68D-7590B98EB39B}
		{AC78B1FA-C38B-44CB-9D2E-9A3BDC5D47DD} = {827E0CD3-B72D-47B6-A68D-7590B98EB39B}
		{B2AC09CA-1A00-40DF-9410-80EBBC51460C} = {827E0CD3-B72D-47B6-A68D-7590B98EB39B}
		{8A33A17C-C6F3-4D6D-B806-680711589430} = {827E0CD3-B72D-47B6-A68D-7590B98EB39B}
		{0FC7A9EE-6CF8-466D-8198-826E45290B0E} = {0AB3BF05-4346-4AA6-1389-037BE0695223}
		{5C2890F5-6157-436E-8436-54B5B27BF01F} = {827E0CD3-B72D-47B6-A68D-7590B98EB39B}
	EndGlobalSection
EndGlobal
